
Microsoft Visual Studio Solution File, Format Version 12.00
# Visual Studio 15
VisualStudioVersion = 15.0.26124.0
MinimumVisualStudioVersion = 15.0.26124.0
Project("{2150E333-8FDC-42A3-9474-1A3956D46DE8}") = "src", "src", "{831CA4F5-5710-4D5A-A8A1-A0ADD64EB406}"
EndProject
Project("{2150E333-8FDC-42A3-9474-1A3956D46DE8}") = "main", "main", "{684CC820-F945-4EC2-AAFE-68B44129EC8B}"
EndProject
Project("{FAE04EC0-301F-11D3-BF4B-00C04F79EFBC}") = "PrettierConsole", "src\main\PrettierConsole\PrettierConsole.csproj", "{173413C8-6ADB-4491-8CD2-BD19EA9ED742}"
EndProject
Project("{2150E333-8FDC-42A3-9474-1A3956D46DE8}") = "test", "test", "{AB288CCC-4A4E-4E37-BC5C-634889CDE44A}"
EndProject
Project("{FAE04EC0-301F-11D3-BF4B-00C04F79EFBC}") = "PrettierExample", "src\test\PrettierExample\PrettierExample.csproj", "{7487DC9D-2FE2-453E-A9C0-745F90D1B220}"
EndProject
Global
	GlobalSection(SolutionConfigurationPlatforms) = preSolution
		Debug|Any CPU = Debug|Any CPU
		Debug|x64 = Debug|x64
		Debug|x86 = Debug|x86
		Release|Any CPU = Release|Any CPU
		Release|x64 = Release|x64
		Release|x86 = Release|x86
	EndGlobalSection
	GlobalSection(SolutionProperties) = preSolution
		HideSolutionNode = FALSE
	EndGlobalSection
	GlobalSection(ProjectConfigurationPlatforms) = postSolution
		{173413C8-6ADB-4491-8CD2-BD19EA9ED742}.Debug|Any CPU.ActiveCfg = Debug|Any CPU
		{173413C8-6ADB-4491-8CD2-BD19EA9ED742}.Debug|Any CPU.Build.0 = Debug|Any CPU
		{173413C8-6ADB-4491-8CD2-BD19EA9ED742}.Debug|x64.ActiveCfg = Debug|Any CPU
		{173413C8-6ADB-4491-8CD2-BD19EA9ED742}.Debug|x64.Build.0 = Debug|Any CPU
		{173413C8-6ADB-4491-8CD2-BD19EA9ED742}.Debug|x86.ActiveCfg = Debug|Any CPU
		{173413C8-6ADB-4491-8CD2-BD19EA9ED742}.Debug|x86.Build.0 = Debug|Any CPU
		{173413C8-6ADB-4491-8CD2-BD19EA9ED742}.Release|Any CPU.ActiveCfg = Release|Any CPU
		{173413C8-6ADB-4491-8CD2-BD19EA9ED742}.Release|Any CPU.Build.0 = Release|Any CPU
		{173413C8-6ADB-4491-8CD2-BD19EA9ED742}.Release|x64.ActiveCfg = Release|Any CPU
		{173413C8-6ADB-4491-8CD2-BD19EA9ED742}.Release|x64.Build.0 = Release|Any CPU
		{173413C8-6ADB-4491-8CD2-BD19EA9ED742}.Release|x86.ActiveCfg = Release|Any CPU
		{173413C8-6ADB-4491-8CD2-BD19EA9ED742}.Release|x86.Build.0 = Release|Any CPU
		{7487DC9D-2FE2-453E-A9C0-745F90D1B220}.Debug|Any CPU.ActiveCfg = Debug|Any CPU
		{7487DC9D-2FE2-453E-A9C0-745F90D1B220}.Debug|Any CPU.Build.0 = Debug|Any CPU
		{7487DC9D-2FE2-453E-A9C0-745F90D1B220}.Debug|x64.ActiveCfg = Debug|Any CPU
		{7487DC9D-2FE2-453E-A9C0-745F90D1B220}.Debug|x64.Build.0 = Debug|Any CPU
		{7487DC9D-2FE2-453E-A9C0-745F90D1B220}.Debug|x86.ActiveCfg = Debug|Any CPU
		{7487DC9D-2FE2-453E-A9C0-745F90D1B220}.Debug|x86.Build.0 = Debug|Any CPU
		{7487DC9D-2FE2-453E-A9C0-745F90D1B220}.Release|Any CPU.ActiveCfg = Release|Any CPU
		{7487DC9D-2FE2-453E-A9C0-745F90D1B220}.Release|Any CPU.Build.0 = Release|Any CPU
		{7487DC9D-2FE2-453E-A9C0-745F90D1B220}.Release|x64.ActiveCfg = Release|Any CPU
		{7487DC9D-2FE2-453E-A9C0-745F90D1B220}.Release|x64.Build.0 = Release|Any CPU
		{7487DC9D-2FE2-453E-A9C0-745F90D1B220}.Release|x86.ActiveCfg = Release|Any CPU
		{7487DC9D-2FE2-453E-A9C0-745F90D1B220}.Release|x86.Build.0 = Release|Any CPU
	EndGlobalSection
	GlobalSection(NestedProjects) = preSolution
		{684CC820-F945-4EC2-AAFE-68B44129EC8B} = {831CA4F5-5710-4D5A-A8A1-A0ADD64EB406}
		{173413C8-6ADB-4491-8CD2-BD19EA9ED742} = {684CC820-F945-4EC2-AAFE-68B44129EC8B}
		{AB288CCC-4A4E-4E37-BC5C-634889CDE44A} = {831CA4F5-5710-4D5A-A8A1-A0ADD64EB406}
		{7487DC9D-2FE2-453E-A9C0-745F90D1B220} = {AB288CCC-4A4E-4E37-BC5C-634889CDE44A}
	EndGlobalSection
EndGlobal
